// !$*UTF8*$!
{
	archiveVersion = 1;
	classes = {
	};
	objectVersion = 50;
	objects = {

/* Begin PBXBuildFile section */
		F2825D5A229F07BE00BDF7A8 /* AppDelegate.swift in Sources */ = {isa = PBXBuildFile; fileRef = F2825D59229F07BE00BDF7A8 /* AppDelegate.swift */; };
		F2825D5C229F07BE00BDF7A8 /* ViewController.swift in Sources */ = {isa = PBXBuildFile; fileRef = F2825D5B229F07BE00BDF7A8 /* ViewController.swift */; };
		F2825D5F229F07BE00BDF7A8 /* Main.storyboard in Resources */ = {isa = PBXBuildFile; fileRef = F2825D5D229F07BE00BDF7A8 /* Main.storyboard */; };
		F2825D61229F07C200BDF7A8 /* Assets.xcassets in Resources */ = {isa = PBXBuildFile; fileRef = F2825D60229F07C200BDF7A8 /* Assets.xcassets */; };
		F2825D64229F07C200BDF7A8 /* LaunchScreen.storyboard in Resources */ = {isa = PBXBuildFile; fileRef = F2825D62229F07C200BDF7A8 /* LaunchScreen.storyboard */; };
/* End PBXBuildFile section */

/* Begin PBXFileReference section */
		F2825D56229F07BE00BDF7A8 /* CountForMe.app */ = {isa = PBXFileReference; explicitFileType = wrapper.application; includeInIndex = 0; path = CountForMe.app; sourceTree = BUILT_PRODUCTS_DIR; };
		F2825D59229F07BE00BDF7A8 /* AppDelegate.swift */ = {isa = PBXFileReference; lastKnownFileType = sourcecode.swift; path = AppDelegate.swift; sourceTree = "<group>"; };
		F2825D5B229F07BE00BDF7A8 /* ViewController.swift */ = {isa = PBXFileReference; lastKnownFileType = sourcecode.swift; path = ViewController.swift; sourceTree = "<group>"; };
		F2825D5E229F07BE00BDF7A8 /* Base */ = {isa = PBXFileReference; lastKnownFileType = file.storyboard; name = Base; path = Base.lproj/Main.storyboard; sourceTree = "<group>"; };
		F2825D60229F07C200BDF7A8 /* Assets.xcassets */ = {isa = PBXFileReference; lastKnownFileType = folder.assetcatalog; path = Assets.xcassets; sourceTree = "<group>"; };
		F2825D63229F07C200BDF7A8 /* Base */ = {isa = PBXFileReference; lastKnownFileType = file.storyboard; name = Base; path = Base.lproj/LaunchScreen.storyboard; sourceTree = "<group>"; };
		F2825D65229F07C200BDF7A8 /* Info.plist */ = {isa = PBXFileReference; lastKnownFileType = text.plist.xml; path = Info.plist; sourceTree = "<group>"; };
/* End PBXFileReference section */

/* Begin PBXFrameworksBuildPhase section */
		F2825D53229F07BE00BDF7A8 /* Frameworks */ = {
			isa = PBXFrameworksBuildPhase;
			buildActionMask = 2147483647;
			files = (
			);
			runOnlyForDeploymentPostprocessing = 0;
		};
/* End PBXFrameworksBuildPhase section */

/* Begin PBXGroup section */
		F2825D4D229F07BE00BDF7A8 = {
			isa = PBXGroup;
			children = (
				F2E83EEF229F20A70078FBBC /* New Group */,
				F2E83EEE229F20720078FBBC /* Controllers */,
				F2825D58229F07BE00BDF7A8 /* CountForMe */,
				F2825D57229F07BE00BDF7A8 /* Products */,
			);
			sourceTree = "<group>";
		};
		F2825D57229F07BE00BDF7A8 /* Products */ = {
			isa = PBXGroup;
			children = (
				F2825D56229F07BE00BDF7A8 /* CountForMe.app */,
			);
			name = Products;
			sourceTree = "<group>";
		};
		F2825D58229F07BE00BDF7A8 /* CountForMe */ = {
			isa = PBXGroup;
			children = (
				F2825D59229F07BE00BDF7A8 /* AppDelegate.swift */,
				F2825D5D229F07BE00BDF7A8 /* Main.storyboard */,
				F2825D60229F07C200BDF7A8 /* Assets.xcassets */,
				F2825D62229F07C200BDF7A8 /* LaunchScreen.storyboard */,
				F2825D65229F07C200BDF7A8 /* Info.plist */,
			);
			path = CountForMe;
			sourceTree = "<group>";
		};
		F2E83EEE229F20720078FBBC /* Controllers */ = {
			isa = PBXGroup;
			children = (
				F2825D5B229F07BE00BDF7A8 /* ViewController.swift */,
			);
			path = Controllers;
			sourceTree = "<group>";
		};
		F2E83EEF229F20A70078FBBC /* New Group */ = {
			isa = PBXGroup;
			children = (
			);
			path = "New Group";
			sourceTree = "<group>";
		};
/* End PBXGroup section */

/* Begin PBXNativeTarget section */
		F2825D55229F07BE00BDF7A8 /* CountForMe */ = {
			isa = PBXNativeTarget;
			buildConfigurationList = F2825D68229F07C200BDF7A8 /* Build configuration list for PBXNativeTarget "CountForMe" */;
			buildPhases = (
				F2825D52229F07BE00BDF7A8 /* Sources */,
				F2825D53229F07BE00BDF7A8 /* Frameworks */,
				F2825D54229F07BE00BDF7A8 /* Resources */,
			);
			buildRules = (
			);
			dependencies = (
			);
			name = CountForMe;
			productName = CountForMe;
			productReference = F2825D56229F07BE00BDF7A8 /* CountForMe.app */;
			productType = "com.apple.product-type.application";
		};
/* End PBXNativeTarget section */

/* Begin PBXProject section */
		F2825D4E229F07BE00BDF7A8 /* Project object */ = {
			isa = PBXProject;
			attributes = {
				LastSwiftUpdateCheck = 1020;
				LastUpgradeCheck = 1020;
				ORGANIZATIONNAME = "Вовк Ольга'";
				TargetAttributes = {
					F2825D55229F07BE00BDF7A8 = {
						CreatedOnToolsVersion = 10.2.1;
					};
				};
			};
			buildConfigurationList = F2825D51229F07BE00BDF7A8 /* Build configuration list for PBXProject "CountForMe" */;
			compatibilityVersion = "Xcode 9.3";
			developmentRegion = en;
			hasScannedForEncodings = 0;
			knownRegions = (
				en,
				Base,
			);
			mainGroup = F2825D4D229F07BE00BDF7A8;
			productRefGroup = F2825D57229F07BE00BDF7A8 /* Products */;
			projectDirPath = "";
			projectRoot = "";
			targets = (
				F2825D55229F07BE00BDF7A8 /* CountForMe */,
			);
		};
/* End PBXProject section */

/* Begin PBXResourcesBuildPhase section */
		F2825D54229F07BE00BDF7A8 /* Resources */ = {
			isa = PBXResourcesBuildPhase;
			buildActionMask = 2147483647;
			files = (
				F2825D64229F07C200BDF7A8 /* LaunchScreen.storyboard in Resources */,
				F2825D61229F07C200BDF7A8 /* Assets.xcassets in Resources */,
				F2825D5F229F07BE00BDF7A8 /* Main.storyboard in Resources */,
			);
			runOnlyForDeploymentPostprocessing = 0;
		};
/* End PBXResourcesBuildPhase section */

/* Begin PBXSourcesBuildPhase section */
		F2825D52229F07BE00BDF7A8 /* Sources */ = {
			isa = PBXSourcesBuildPhase;
			buildActionMask = 2147483647;
			files = (
				F2825D5C229F07BE00BDF7A8 /* ViewController.swift in Sources */,
				F2825D5A229F07BE00BDF7A8 /* AppDelegate.swift in Sources */,
			);
			runOnlyForDeploymentPostprocessing = 0;
		};
/* End PBXSourcesBuildPhase section */

/* Begin PBXVariantGroup section */
		F2825D5D229F07BE00BDF7A8 /* Main.storyboard */ = {
			isa = PBXVariantGroup;
			children = (
				F2825D5E229F07BE00BDF7A8 /* Base */,
			);
			name = Main.storyboard;
			sourceTree = "<group>";
		};
		F2825D62229F07C200BDF7A8 /* LaunchScreen.storyboard */ = {
			isa = PBXVariantGroup;
			children = (
				F2825D63229F07C200BDF7A8 /* Base */,
			);
			name = LaunchScreen.storyboard;
			sourceTree = "<group>";
		};
/* End PBXVariantGroup section */

/* Begin XCBuildConfiguration section */
		F2825D66229F07C200BDF7A8 /* Debug */ = {
			isa = XCBuildConfiguration;
			buildSettings = {
				ALWAYS_SEARCH_USER_PATHS = NO;
				CLANG_ANALYZER_NONNULL = YES;
				CLANG_ANALYZER_NUMBER_OBJECT_CONVERSION = YES_AGGRESSIVE;
				CLANG_CXX_LANGUAGE_STANDARD = "gnu++14";
				CLANG_CXX_LIBRARY = "libc++";
				CLANG_ENABLE_MODULES = YES;
				CLANG_ENABLE_OBJC_ARC = YES;
				CLANG_ENABLE_OBJC_WEAK = YES;
				CLANG_WARN_BLOCK_CAPTURE_AUTORELEASING = YES;
				CLANG_WARN_BOOL_CONVERSION = YES;
				CLANG_WARN_COMMA = YES;
				CLANG_WARN_CONSTANT_CONVERSION = YES;
				CLANG_WARN_DEPRECATED_OBJC_IMPLEMENTATIONS = YES;
				CLANG_WARN_DIRECT_OBJC_ISA_USAGE = YES_ERROR;
				CLANG_WARN_DOCUMENTATION_COMMENTS = YES;
				CLANG_WARN_EMPTY_BODY = YES;
				CLANG_WARN_ENUM_CONVERSION = YES;
				CLANG_WARN_INFINITE_RECURSION = YES;
				CLANG_WARN_INT_CONVERSION = YES;
				CLANG_WARN_NON_LITERAL_NULL_CONVERSION = YES;
				CLANG_WARN_OBJC_IMPLICIT_RETAIN_SELF = YES;
				CLANG_WARN_OBJC_LITERAL_CONVERSION = YES;
				CLANG_WARN_OBJC_ROOT_CLASS = YES_ERROR;
				CLANG_WARN_RANGE_LOOP_ANALYSIS = YES;
				CLANG_WARN_STRICT_PROTOTYPES = YES;
				CLANG_WARN_SUSPICIOUS_MOVE = YES;
				CLANG_WARN_UNGUARDED_AVAILABILITY = YES_AGGRESSIVE;
				CLANG_WARN_UNREACHABLE_CODE = YES;
				CLANG_WARN__DUPLICATE_METHOD_MATCH = YES;
				CODE_SIGN_IDENTITY = "iPhone Developer";
				COPY_PHASE_STRIP = NO;
				DEBUG_INFORMATION_FORMAT = dwarf;
				ENABLE_STRICT_OBJC_MSGSEND = YES;
				ENABLE_TESTABILITY = YES;
				GCC_C_LANGUAGE_STANDARD = gnu11;
				GCC_DYNAMIC_NO_PIC = NO;
				GCC_NO_COMMON_BLOCKS = YES;
				GCC_OPTIMIZATION_LEVEL = 0;
				GCC_PREPROCESSOR_DEFINITIONS = (
					"DEBUG=1",
					"$(inherited)",
				);
				GCC_WARN_64_TO_32_BIT_CONVERSION = YES;
				GCC_WARN_ABOUT_RETURN_TYPE = YES_ERROR;
				GCC_WARN_UNDECLARED_SELECTOR = YES;
				GCC_WARN_UNINITIALIZED_AUTOS = YES_AGGRESSIVE;
				GCC_WARN_UNUSED_FUNCTION = YES;
				GCC_WARN_UNUSED_VARIABLE = YES;
				IPHONEOS_DEPLOYMENT_TARGET = 12.2;
				MTL_ENABLE_DEBUG_INFO = INCLUDE_SOURCE;
				MTL_FAST_MATH = YES;
				ONLY_ACTIVE_ARCH = YES;
				SDKROOT = iphoneos;
				SWIFT_ACTIVE_COMPILATION_CONDITIONS = DEBUG;
				SWIFT_OPTIMIZATION_LEVEL = "-Onone";
			};
			name = Debug;
		};
		F2825D67229F07C200BDF7A8 /* Release */ = {
			isa = XCBuildConfiguration;
			buildSettings = {
				ALWAYS_SEARCH_USER_PATHS = NO;
				CLANG_ANALYZER_NONNULL = YES;
				CLANG_ANALYZER_NUMBER_OBJECT_CONVERSION = YES_AGGRESSIVE;
				CLANG_CXX_LANGUAGE_STANDARD = "gnu++14";
				CLANG_CXX_LIBRARY = "libc++";
				CLANG_ENABLE_MODULES = YES;
				CLANG_ENABLE_OBJC_ARC = YES;
				CLANG_ENABLE_OBJC_WEAK = YES;
				CLANG_WARN_BLOCK_CAPTURE_AUTORELEASING = YES;
				CLANG_WARN_BOOL_CONVERSION = YES;
				CLANG_WARN_COMMA = YES;
				CLANG_WARN_CONSTANT_CONVERSION = YES;
				CLANG_WARN_DEPRECATED_OBJC_IMPLEMENTATIONS = YES;
				CLANG_WARN_DIRECT_OBJC_ISA_USAGE = YES_ERROR;
				CLANG_WARN_DOCUMENTATION_COMMENTS = YES;
				CLANG_WARN_EMPTY_BODY = YES;
				CLANG_WARN_ENUM_CONVERSION = YES;
				CLANG_WARN_INFINITE_RECURSION = YES;
				CLANG_WARN_INT_CONVERSION = YES;
				CLANG_WARN_NON_LITERAL_NULL_CONVERSION = YES;
				CLANG_WARN_OBJC_IMPLICIT_RETAIN_SELF = YES;
				CLANG_WARN_OBJC_LITERAL_CONVERSION = YES;
				CLANG_WARN_OBJC_ROOT_CLASS = YES_ERROR;
				CLANG_WARN_RANGE_LOOP_ANALYSIS = YES;
				CLANG_WARN_STRICT_PROTOTYPES = YES;
				CLANG_WARN_SUSPICIOUS_MOVE = YES;
				CLANG_WARN_UNGUARDED_AVAILABILITY = YES_AGGRESSIVE;
				CLANG_WARN_UNREACHABLE_CODE = YES;
				CLANG_WARN__DUPLICATE_METHOD_MATCH = YES;
				CODE_SIGN_IDENTITY = "iPhone Developer";
				COPY_PHASE_STRIP = NO;
				DEBUG_INFORMATION_FORMAT = "dwarf-with-dsym";
				ENABLE_NS_ASSERTIONS = NO;
				ENABLE_STRICT_OBJC_MSGSEND = YES;
				GCC_C_LANGUAGE_STANDARD = gnu11;
				GCC_NO_COMMON_BLOCKS = YES;
				GCC_WARN_64_TO_32_BIT_CONVERSION = YES;
				GCC_WARN_ABOUT_RETURN_TYPE = YES_ERROR;
				GCC_WARN_UNDECLARED_SELECTOR = YES;
				GCC_WARN_UNINITIALIZED_AUTOS = YES_AGGRESSIVE;
				GCC_WARN_UNUSED_FUNCTION = YES;
				GCC_WARN_UNUSED_VARIABLE = YES;
				IPHONEOS_DEPLOYMENT_TARGET = 12.2;
				MTL_ENABLE_DEBUG_INFO = NO;
				MTL_FAST_MATH = YES;
				SDKROOT = iphoneos;
				SWIFT_COMPILATION_MODE = wholemodule;
				SWIFT_OPTIMIZATION_LEVEL = "-O";
				VALIDATE_PRODUCT = YES;
			};
			name = Release;
		};
		F2825D69229F07C200BDF7A8 /* Debug */ = {
			isa = XCBuildConfiguration;
			buildSettings = {
				ASSETCATALOG_COMPILER_APPICON_NAME = AppIcon;
				CODE_SIGN_STYLE = Automatic;
				DEVELOPMENT_TEAM = 9WU55MK2SW;
				INFOPLIST_FILE = CountForMe/Info.plist;
				LD_RUNPATH_SEARCH_PATHS = (
					"$(inherited)",
					"@executable_path/Frameworks",
				);
				PRODUCT_BUNDLE_IDENTIFIER = com.my.project.CountForMe;
				PRODUCT_NAME = "$(TARGET_NAME)";
				SWIFT_VERSION = 5.0;
				TARGETED_DEVICE_FAMILY = "1,2";
			};
			name = Debug;
		};
		F2825D6A229F07C200BDF7A8 /* Release */ = {
			isa = XCBuildConfiguration;
			buildSettings = {
				ASSETCATALOG_COMPILER_APPICON_NAME = AppIcon;
				CODE_SIGN_STYLE = Automatic;
				DEVELOPMENT_TEAM = 9WU55MK2SW;
				INFOPLIST_FILE = CountForMe/Info.plist;
				LD_RUNPATH_SEARCH_PATHS = (
					"$(inherited)",
					"@executable_path/Frameworks",
				);
				PRODUCT_BUNDLE_IDENTIFIER = com.my.project.CountForMe;
				PRODUCT_NAME = "$(TARGET_NAME)";
				SWIFT_VERSION = 5.0;
				TARGETED_DEVICE_FAMILY = "1,2";
			};
			name = Release;
		};
/* End XCBuildConfiguration section */

/* Begin XCConfigurationList section */
		F2825D51229F07BE00BDF7A8 /* Build configuration list for PBXProject "CountForMe" */ = {
			isa = XCConfigurationList;
			buildConfigurations = (
				F2825D66229F07C200BDF7A8 /* Debug */,
				F2825D67229F07C200BDF7A8 /* Release */,
			);
			defaultConfigurationIsVisible = 0;
			defaultConfigurationName = Release;
		};
		F2825D68229F07C200BDF7A8 /* Build configuration list for PBXNativeTarget "CountForMe" */ = {
			isa = XCConfigurationList;
			buildConfigurations = (
				F2825D69229F07C200BDF7A8 /* Debug */,
				F2825D6A229F07C200BDF7A8 /* Release */,
			);
			defaultConfigurationIsVisible = 0;
			defaultConfigurationName = Release;
		};
/* End XCConfigurationList section */
	};
	rootObject = F2825D4E229F07BE00BDF7A8 /* Project object */;
}
